
Microsoft Visual Studio Solution File, Format Version 12.00
# Visual Studio Version 16
VisualStudioVersion = 16.0.32802.440
MinimumVisualStudioVersion = 10.0.40219.1
Project("{FAE04EC0-301F-11D3-BF4B-00C04F79EFBC}") = "u20691302_HW04", "u20691302_HW04\u20691302_HW04.csproj", "{59DC49EF-A0C6-414C-AF8E-498B08A6ED3C}"
EndProject
Global
	GlobalSection(SolutionConfigurationPlatforms) = preSolution
		Debug|Any CPU = Debug|Any CPU
		Release|Any CPU = Release|Any CPU
	EndGlobalSection
	GlobalSection(ProjectConfigurationPlatforms) = postSolution
		{59DC49EF-A0C6-414C-AF8E-498B08A6ED3C}.Debug|Any CPU.ActiveCfg = Debug|Any CPU
		{59DC49EF-A0C6-414C-AF8E-498B08A6ED3C}.Debug|Any CPU.Build.0 = Debug|Any CPU
		{59DC49EF-A0C6-414C-AF8E-498B08A6ED3C}.Release|Any CPU.ActiveCfg = Release|Any CPU
		{59DC49EF-A0C6-414C-AF8E-498B08A6ED3C}.Release|Any CPU.Build.0 = Release|Any CPU
	EndGlobalSection
	GlobalSection(SolutionProperties) = preSolution
		HideSolutionNode = FALSE
	EndGlobalSection
	GlobalSection(ExtensibilityGlobals) = postSolution
		SolutionGuid = {D1C80194-2281-4A6E-BDE2-850E949585F3}
	EndGlobalSection
EndGlobal
